
Microsoft Visual Studio Solution File, Format Version 12.00
# Visual Studio 15
VisualStudioVersion = 15.0.28010.2050
MinimumVisualStudioVersion = 10.0.40219.1
Project("{FAE04EC0-301F-11D3-BF4B-00C04F79EFBC}") = "Moq", "Moq\Moq.csproj", "{88A53A26-3BAE-427E-AAC8-0197F1DB7BEE}"
EndProject
Global
	GlobalSection(SolutionConfigurationPlatforms) = preSolution
		Debug|Any CPU = Debug|Any CPU
		Release|Any CPU = Release|Any CPU
	EndGlobalSection
	GlobalSection(ProjectConfigurationPlatforms) = postSolution
		{88A53A26-3BAE-427E-AAC8-0197F1DB7BEE}.Debug|Any CPU.ActiveCfg = Debug|Any CPU
		{88A53A26-3BAE-427E-AAC8-0197F1DB7BEE}.Debug|Any CPU.Build.0 = Debug|Any CPU
		{88A53A26-3BAE-427E-AAC8-0197F1DB7BEE}.Release|Any CPU.ActiveCfg = Release|Any CPU
		{88A53A26-3BAE-427E-AAC8-0197F1DB7BEE}.Release|Any CPU.Build.0 = Release|Any CPU
	EndGlobalSection
	GlobalSection(SolutionProperties) = preSolution
		HideSolutionNode = FALSE
	EndGlobalSection
	GlobalSection(ExtensibilityGlobals) = postSolution
		SolutionGuid = {9CBAFBD4-E6AC-49C9-8585-43D2DDF94EDE}
	EndGlobalSection
EndGlobal
