
Microsoft Visual Studio Solution File, Format Version 12.00
# Visual Studio 15
VisualStudioVersion = 15.0.28010.2050
MinimumVisualStudioVersion = 10.0.40219.1
Project("{FAE04EC0-301F-11D3-BF4B-00C04F79EFBC}") = "Moq.Tests", "Moq.Tests\Moq.Tests.csproj", "{F9667187-6016-4A21-B7FD-8C692E5269F2}"
EndProject
Global
	GlobalSection(SolutionConfigurationPlatforms) = preSolution
		Debug|Any CPU = Debug|Any CPU
		Release|Any CPU = Release|Any CPU
	EndGlobalSection
	GlobalSection(ProjectConfigurationPlatforms) = postSolution
		{F9667187-6016-4A21-B7FD-8C692E5269F2}.Debug|Any CPU.ActiveCfg = Debug|Any CPU
		{F9667187-6016-4A21-B7FD-8C692E5269F2}.Debug|Any CPU.Build.0 = Debug|Any CPU
		{F9667187-6016-4A21-B7FD-8C692E5269F2}.Release|Any CPU.ActiveCfg = Release|Any CPU
		{F9667187-6016-4A21-B7FD-8C692E5269F2}.Release|Any CPU.Build.0 = Release|Any CPU
	EndGlobalSection
	GlobalSection(SolutionProperties) = preSolution
		HideSolutionNode = FALSE
	EndGlobalSection
	GlobalSection(ExtensibilityGlobals) = postSolution
		SolutionGuid = {9CBAFBD4-E6AC-49C9-8585-43D2DDF94EDE}
	EndGlobalSection
EndGlobal
